// !$*UTF8*$!
{
	archiveVersion = 1;
	classes = {
	};
	objectVersion = 46;
	objects = {

/* Begin PBXBuildFile section */
		086E83821E5FE47200F717A0 /* color.jpg in Resources */ = {isa = PBXBuildFile; fileRef = 086E83811E5FE47200F717A0 /* color.jpg */; };
		08B329AC1E5BAF4E001B58F1 /* AppDelegate.swift in Sources */ = {isa = PBXBuildFile; fileRef = 08B329AB1E5BAF4E001B58F1 /* AppDelegate.swift */; };
		08B329B11E5BAF4E001B58F1 /* Main.storyboard in Resources */ = {isa = PBXBuildFile; fileRef = 08B329AF1E5BAF4E001B58F1 /* Main.storyboard */; };
		08B329B31E5BAF4E001B58F1 /* Assets.xcassets in Resources */ = {isa = PBXBuildFile; fileRef = 08B329B21E5BAF4E001B58F1 /* Assets.xcassets */; };
		08B329B61E5BAF4E001B58F1 /* LaunchScreen.storyboard in Resources */ = {isa = PBXBuildFile; fileRef = 08B329B41E5BAF4E001B58F1 /* LaunchScreen.storyboard */; };
		08B329C11E5BAF4E001B58F1 /* HeaderTests.swift in Sources */ = {isa = PBXBuildFile; fileRef = 08B329C01E5BAF4E001B58F1 /* HeaderTests.swift */; };
		08B329CC1E5BAF4E001B58F1 /* HeaderUITests.swift in Sources */ = {isa = PBXBuildFile; fileRef = 08B329CB1E5BAF4E001B58F1 /* HeaderUITests.swift */; };
		08B329DB1E5BAFB1001B58F1 /* HeaderTableViewCell.swift in Sources */ = {isa = PBXBuildFile; fileRef = 08B329D91E5BAFB1001B58F1 /* HeaderTableViewCell.swift */; };
		08B329DC1E5BAFB1001B58F1 /* HeaderTableViewCell.xib in Resources */ = {isa = PBXBuildFile; fileRef = 08B329DA1E5BAFB1001B58F1 /* HeaderTableViewCell.xib */; };
		08B329DE1E5BAFCA001B58F1 /* HeaderTableViewController.swift in Sources */ = {isa = PBXBuildFile; fileRef = 08B329DD1E5BAFCA001B58F1 /* HeaderTableViewController.swift */; };
/* End PBXBuildFile section */

/* Begin PBXContainerItemProxy section */
		08B329BD1E5BAF4E001B58F1 /* PBXContainerItemProxy */ = {
			isa = PBXContainerItemProxy;
			containerPortal = 08B329A01E5BAF4E001B58F1 /* Project object */;
			proxyType = 1;
			remoteGlobalIDString = 08B329A71E5BAF4E001B58F1;
			remoteInfo = Header;
		};
		08B329C81E5BAF4E001B58F1 /* PBXContainerItemProxy */ = {
			isa = PBXContainerItemProxy;
			containerPortal = 08B329A01E5BAF4E001B58F1 /* Project object */;
			proxyType = 1;
			remoteGlobalIDString = 08B329A71E5BAF4E001B58F1;
			remoteInfo = Header;
		};
/* End PBXContainerItemProxy section */

/* Begin PBXFileReference section */
		086E83811E5FE47200F717A0 /* color.jpg */ = {isa = PBXFileReference; lastKnownFileType = image.jpeg; path = color.jpg; sourceTree = "<group>"; };
		08B329A81E5BAF4E001B58F1 /* Header.app */ = {isa = PBXFileReference; explicitFileType = wrapper.application; includeInIndex = 0; path = Header.app; sourceTree = BUILT_PRODUCTS_DIR; };
		08B329AB1E5BAF4E001B58F1 /* AppDelegate.swift */ = {isa = PBXFileReference; lastKnownFileType = sourcecode.swift; path = AppDelegate.swift; sourceTree = "<group>"; };
		08B329B01E5BAF4E001B58F1 /* Base */ = {isa = PBXFileReference; lastKnownFileType = file.storyboard; name = Base; path = Base.lproj/Main.storyboard; sourceTree = "<group>"; };
		08B329B21E5BAF4E001B58F1 /* Assets.xcassets */ = {isa = PBXFileReference; lastKnownFileType = folder.assetcatalog; path = Assets.xcassets; sourceTree = "<group>"; };
		08B329B51E5BAF4E001B58F1 /* Base */ = {isa = PBXFileReference; lastKnownFileType = file.storyboard; name = Base; path = Base.lproj/LaunchScreen.storyboard; sourceTree = "<group>"; };
		08B329B71E5BAF4E001B58F1 /* Info.plist */ = {isa = PBXFileReference; lastKnownFileType = text.plist.xml; path = Info.plist; sourceTree = "<group>"; };
		08B329BC1E5BAF4E001B58F1 /* HeaderTests.xctest */ = {isa = PBXFileReference; explicitFileType = wrapper.cfbundle; includeInIndex = 0; path = HeaderTests.xctest; sourceTree = BUILT_PRODUCTS_DIR; };
		08B329C01E5BAF4E001B58F1 /* HeaderTests.swift */ = {isa = PBXFileReference; lastKnownFileType = sourcecode.swift; path = HeaderTests.swift; sourceTree = "<group>"; };
		08B329C21E5BAF4E001B58F1 /* Info.plist */ = {isa = PBXFileReference; lastKnownFileType = text.plist.xml; path = Info.plist; sourceTree = "<group>"; };
		08B329C71E5BAF4E001B58F1 /* HeaderUITests.xctest */ = {isa = PBXFileReference; explicitFileType = wrapper.cfbundle; includeInIndex = 0; path = HeaderUITests.xctest; sourceTree = BUILT_PRODUCTS_DIR; };
		08B329CB1E5BAF4E001B58F1 /* HeaderUITests.swift */ = {isa = PBXFileReference; lastKnownFileType = sourcecode.swift; path = HeaderUITests.swift; sourceTree = "<group>"; };
		08B329CD1E5BAF4E001B58F1 /* Info.plist */ = {isa = PBXFileReference; lastKnownFileType = text.plist.xml; path = Info.plist; sourceTree = "<group>"; };
		08B329D91E5BAFB1001B58F1 /* HeaderTableViewCell.swift */ = {isa = PBXFileReference; fileEncoding = 4; lastKnownFileType = sourcecode.swift; path = HeaderTableViewCell.swift; sourceTree = "<group>"; };
		08B329DA1E5BAFB1001B58F1 /* HeaderTableViewCell.xib */ = {isa = PBXFileReference; fileEncoding = 4; lastKnownFileType = file.xib; path = HeaderTableViewCell.xib; sourceTree = "<group>"; };
		08B329DD1E5BAFCA001B58F1 /* HeaderTableViewController.swift */ = {isa = PBXFileReference; fileEncoding = 4; lastKnownFileType = sourcecode.swift; path = HeaderTableViewController.swift; sourceTree = "<group>"; };
/* End PBXFileReference section */

/* Begin PBXFrameworksBuildPhase section */
		08B329A51E5BAF4E001B58F1 /* Frameworks */ = {
			isa = PBXFrameworksBuildPhase;
			buildActionMask = 2147483647;
			files = (
			);
			runOnlyForDeploymentPostprocessing = 0;
		};
		08B329B91E5BAF4E001B58F1 /* Frameworks */ = {
			isa = PBXFrameworksBuildPhase;
			buildActionMask = 2147483647;
			files = (
			);
			runOnlyForDeploymentPostprocessing = 0;
		};
		08B329C41E5BAF4E001B58F1 /* Frameworks */ = {
			isa = PBXFrameworksBuildPhase;
			buildActionMask = 2147483647;
			files = (
			);
			runOnlyForDeploymentPostprocessing = 0;
		};
/* End PBXFrameworksBuildPhase section */

/* Begin PBXGroup section */
		08B3299F1E5BAF4E001B58F1 = {
			isa = PBXGroup;
			children = (
				08B329AA1E5BAF4E001B58F1 /* Header */,
				08B329BF1E5BAF4E001B58F1 /* HeaderTests */,
				08B329CA1E5BAF4E001B58F1 /* HeaderUITests */,
				08B329A91E5BAF4E001B58F1 /* Products */,
			);
			sourceTree = "<group>";
		};
		08B329A91E5BAF4E001B58F1 /* Products */ = {
			isa = PBXGroup;
			children = (
				08B329A81E5BAF4E001B58F1 /* Header.app */,
				08B329BC1E5BAF4E001B58F1 /* HeaderTests.xctest */,
				08B329C71E5BAF4E001B58F1 /* HeaderUITests.xctest */,
			);
			name = Products;
			sourceTree = "<group>";
		};
		08B329AA1E5BAF4E001B58F1 /* Header */ = {
			isa = PBXGroup;
			children = (
				08B329AB1E5BAF4E001B58F1 /* AppDelegate.swift */,
				08B329DD1E5BAFCA001B58F1 /* HeaderTableViewController.swift */,
				08B329AF1E5BAF4E001B58F1 /* Main.storyboard */,
				08B329D91E5BAFB1001B58F1 /* HeaderTableViewCell.swift */,
				08B329DA1E5BAFB1001B58F1 /* HeaderTableViewCell.xib */,
				08B329B21E5BAF4E001B58F1 /* Assets.xcassets */,
				08B329B41E5BAF4E001B58F1 /* LaunchScreen.storyboard */,
				086E83811E5FE47200F717A0 /* color.jpg */,
				08B329B71E5BAF4E001B58F1 /* Info.plist */,
			);
			path = Header;
			sourceTree = "<group>";
		};
		08B329BF1E5BAF4E001B58F1 /* HeaderTests */ = {
			isa = PBXGroup;
			children = (
				08B329C01E5BAF4E001B58F1 /* HeaderTests.swift */,
				08B329C21E5BAF4E001B58F1 /* Info.plist */,
			);
			path = HeaderTests;
			sourceTree = "<group>";
		};
		08B329CA1E5BAF4E001B58F1 /* HeaderUITests */ = {
			isa = PBXGroup;
			children = (
				08B329CB1E5BAF4E001B58F1 /* HeaderUITests.swift */,
				08B329CD1E5BAF4E001B58F1 /* Info.plist */,
			);
			path = HeaderUITests;
			sourceTree = "<group>";
		};
/* End PBXGroup section */

/* Begin PBXNativeTarget section */
		08B329A71E5BAF4E001B58F1 /* Header */ = {
			isa = PBXNativeTarget;
			buildConfigurationList = 08B329D01E5BAF4E001B58F1 /* Build configuration list for PBXNativeTarget "Header" */;
			buildPhases = (
				08B329A41E5BAF4E001B58F1 /* Sources */,
				08B329A51E5BAF4E001B58F1 /* Frameworks */,
				08B329A61E5BAF4E001B58F1 /* Resources */,
			);
			buildRules = (
			);
			dependencies = (
			);
			name = Header;
			productName = Header;
			productReference = 08B329A81E5BAF4E001B58F1 /* Header.app */;
			productType = "com.apple.product-type.application";
		};
		08B329BB1E5BAF4E001B58F1 /* HeaderTests */ = {
			isa = PBXNativeTarget;
			buildConfigurationList = 08B329D31E5BAF4E001B58F1 /* Build configuration list for PBXNativeTarget "HeaderTests" */;
			buildPhases = (
				08B329B81E5BAF4E001B58F1 /* Sources */,
				08B329B91E5BAF4E001B58F1 /* Frameworks */,
				08B329BA1E5BAF4E001B58F1 /* Resources */,
			);
			buildRules = (
			);
			dependencies = (
				08B329BE1E5BAF4E001B58F1 /* PBXTargetDependency */,
			);
			name = HeaderTests;
			productName = HeaderTests;
			productReference = 08B329BC1E5BAF4E001B58F1 /* HeaderTests.xctest */;
			productType = "com.apple.product-type.bundle.unit-test";
		};
		08B329C61E5BAF4E001B58F1 /* HeaderUITests */ = {
			isa = PBXNativeTarget;
			buildConfigurationList = 08B329D61E5BAF4E001B58F1 /* Build configuration list for PBXNativeTarget "HeaderUITests" */;
			buildPhases = (
				08B329C31E5BAF4E001B58F1 /* Sources */,
				08B329C41E5BAF4E001B58F1 /* Frameworks */,
				08B329C51E5BAF4E001B58F1 /* Resources */,
			);
			buildRules = (
			);
			dependencies = (
				08B329C91E5BAF4E001B58F1 /* PBXTargetDependency */,
			);
			name = HeaderUITests;
			productName = HeaderUITests;
			productReference = 08B329C71E5BAF4E001B58F1 /* HeaderUITests.xctest */;
			productType = "com.apple.product-type.bundle.ui-testing";
		};
/* End PBXNativeTarget section */

/* Begin PBXProject section */
		08B329A01E5BAF4E001B58F1 /* Project object */ = {
			isa = PBXProject;
			attributes = {
				LastSwiftUpdateCheck = 0820;
				LastUpgradeCheck = 0820;
				ORGANIZATIONNAME = "Ravinder Gargula";
				TargetAttributes = {
					08B329A71E5BAF4E001B58F1 = {
						CreatedOnToolsVersion = 8.2.1;
						ProvisioningStyle = Automatic;
					};
					08B329BB1E5BAF4E001B58F1 = {
						CreatedOnToolsVersion = 8.2.1;
						ProvisioningStyle = Automatic;
						TestTargetID = 08B329A71E5BAF4E001B58F1;
					};
					08B329C61E5BAF4E001B58F1 = {
						CreatedOnToolsVersion = 8.2.1;
						ProvisioningStyle = Automatic;
						TestTargetID = 08B329A71E5BAF4E001B58F1;
					};
				};
			};
			buildConfigurationList = 08B329A31E5BAF4E001B58F1 /* Build configuration list for PBXProject "Header" */;
			compatibilityVersion = "Xcode 3.2";
			developmentRegion = English;
			hasScannedForEncodings = 0;
			knownRegions = (
				en,
				Base,
			);
			mainGroup = 08B3299F1E5BAF4E001B58F1;
			productRefGroup = 08B329A91E5BAF4E001B58F1 /* Products */;
			projectDirPath = "";
			projectRoot = "";
			targets = (
				08B329A71E5BAF4E001B58F1 /* Header */,
				08B329BB1E5BAF4E001B58F1 /* HeaderTests */,
				08B329C61E5BAF4E001B58F1 /* HeaderUITests */,
			);
		};
/* End PBXProject section */

/* Begin PBXResourcesBuildPhase section */
		08B329A61E5BAF4E001B58F1 /* Resources */ = {
			isa = PBXResourcesBuildPhase;
			buildActionMask = 2147483647;
			files = (
				08B329DC1E5BAFB1001B58F1 /* HeaderTableViewCell.xib in Resources */,
				08B329B61E5BAF4E001B58F1 /* LaunchScreen.storyboard in Resources */,
				086E83821E5FE47200F717A0 /* color.jpg in Resources */,
				08B329B31E5BAF4E001B58F1 /* Assets.xcassets in Resources */,
				08B329B11E5BAF4E001B58F1 /* Main.storyboard in Resources */,
			);
			runOnlyForDeploymentPostprocessing = 0;
		};
		08B329BA1E5BAF4E001B58F1 /* Resources */ = {
			isa = PBXResourcesBuildPhase;
			buildActionMask = 2147483647;
			files = (
			);
			runOnlyForDeploymentPostprocessing = 0;
		};
		08B329C51E5BAF4E001B58F1 /* Resources */ = {
			isa = PBXResourcesBuildPhase;
			buildActionMask = 2147483647;
			files = (
			);
			runOnlyForDeploymentPostprocessing = 0;
		};
/* End PBXResourcesBuildPhase section */

/* Begin PBXSourcesBuildPhase section */
		08B329A41E5BAF4E001B58F1 /* Sources */ = {
			isa = PBXSourcesBuildPhase;
			buildActionMask = 2147483647;
			files = (
				08B329DE1E5BAFCA001B58F1 /* HeaderTableViewController.swift in Sources */,
				08B329DB1E5BAFB1001B58F1 /* HeaderTableViewCell.swift in Sources */,
				08B329AC1E5BAF4E001B58F1 /* AppDelegate.swift in Sources */,
			);
			runOnlyForDeploymentPostprocessing = 0;
		};
		08B329B81E5BAF4E001B58F1 /* Sources */ = {
			isa = PBXSourcesBuildPhase;
			buildActionMask = 2147483647;
			files = (
				08B329C11E5BAF4E001B58F1 /* HeaderTests.swift in Sources */,
			);
			runOnlyForDeploymentPostprocessing = 0;
		};
		08B329C31E5BAF4E001B58F1 /* Sources */ = {
			isa = PBXSourcesBuildPhase;
			buildActionMask = 2147483647;
			files = (
				08B329CC1E5BAF4E001B58F1 /* HeaderUITests.swift in Sources */,
			);
			runOnlyForDeploymentPostprocessing = 0;
		};
/* End PBXSourcesBuildPhase section */

/* Begin PBXTargetDependency section */
		08B329BE1E5BAF4E001B58F1 /* PBXTargetDependency */ = {
			isa = PBXTargetDependency;
			target = 08B329A71E5BAF4E001B58F1 /* Header */;
			targetProxy = 08B329BD1E5BAF4E001B58F1 /* PBXContainerItemProxy */;
		};
		08B329C91E5BAF4E001B58F1 /* PBXTargetDependency */ = {
			isa = PBXTargetDependency;
			target = 08B329A71E5BAF4E001B58F1 /* Header */;
			targetProxy = 08B329C81E5BAF4E001B58F1 /* PBXContainerItemProxy */;
		};
/* End PBXTargetDependency section */

/* Begin PBXVariantGroup section */
		08B329AF1E5BAF4E001B58F1 /* Main.storyboard */ = {
			isa = PBXVariantGroup;
			children = (
				08B329B01E5BAF4E001B58F1 /* Base */,
			);
			name = Main.storyboard;
			sourceTree = "<group>";
		};
		08B329B41E5BAF4E001B58F1 /* LaunchScreen.storyboard */ = {
			isa = PBXVariantGroup;
			children = (
				08B329B51E5BAF4E001B58F1 /* Base */,
			);
			name = LaunchScreen.storyboard;
			sourceTree = "<group>";
		};
/* End PBXVariantGroup section */

/* Begin XCBuildConfiguration section */
		08B329CE1E5BAF4E001B58F1 /* Debug */ = {
			isa = XCBuildConfiguration;
			buildSettings = {
				ALWAYS_SEARCH_USER_PATHS = NO;
				CLANG_ANALYZER_NONNULL = YES;
				CLANG_CXX_LANGUAGE_STANDARD = "gnu++0x";
				CLANG_CXX_LIBRARY = "libc++";
				CLANG_ENABLE_MODULES = YES;
				CLANG_ENABLE_OBJC_ARC = YES;
				CLANG_WARN_BOOL_CONVERSION = YES;
				CLANG_WARN_CONSTANT_CONVERSION = YES;
				CLANG_WARN_DIRECT_OBJC_ISA_USAGE = YES_ERROR;
				CLANG_WARN_DOCUMENTATION_COMMENTS = YES;
				CLANG_WARN_EMPTY_BODY = YES;
				CLANG_WARN_ENUM_CONVERSION = YES;
				CLANG_WARN_INFINITE_RECURSION = YES;
				CLANG_WARN_INT_CONVERSION = YES;
				CLANG_WARN_OBJC_ROOT_CLASS = YES_ERROR;
				CLANG_WARN_SUSPICIOUS_MOVE = YES;
				CLANG_WARN_UNREACHABLE_CODE = YES;
				CLANG_WARN__DUPLICATE_METHOD_MATCH = YES;
				"CODE_SIGN_IDENTITY[sdk=iphoneos*]" = "iPhone Developer";
				COPY_PHASE_STRIP = NO;
				DEBUG_INFORMATION_FORMAT = dwarf;
				ENABLE_STRICT_OBJC_MSGSEND = YES;
				ENABLE_TESTABILITY = YES;
				GCC_C_LANGUAGE_STANDARD = gnu99;
				GCC_DYNAMIC_NO_PIC = NO;
				GCC_NO_COMMON_BLOCKS = YES;
				GCC_OPTIMIZATION_LEVEL = 0;
				GCC_PREPROCESSOR_DEFINITIONS = (
					"DEBUG=1",
					"$(inherited)",
				);
				GCC_WARN_64_TO_32_BIT_CONVERSION = YES;
				GCC_WARN_ABOUT_RETURN_TYPE = YES_ERROR;
				GCC_WARN_UNDECLARED_SELECTOR = YES;
				GCC_WARN_UNINITIALIZED_AUTOS = YES_AGGRESSIVE;
				GCC_WARN_UNUSED_FUNCTION = YES;
				GCC_WARN_UNUSED_VARIABLE = YES;
				IPHONEOS_DEPLOYMENT_TARGET = 10.2;
				MTL_ENABLE_DEBUG_INFO = YES;
				ONLY_ACTIVE_ARCH = YES;
				SDKROOT = iphoneos;
				SWIFT_ACTIVE_COMPILATION_CONDITIONS = DEBUG;
				SWIFT_OPTIMIZATION_LEVEL = "-Onone";
				TARGETED_DEVICE_FAMILY = "1,2";
			};
			name = Debug;
		};
		08B329CF1E5BAF4E001B58F1 /* Release */ = {
			isa = XCBuildConfiguration;
			buildSettings = {
				ALWAYS_SEARCH_USER_PATHS = NO;
				CLANG_ANALYZER_NONNULL = YES;
				CLANG_CXX_LANGUAGE_STANDARD = "gnu++0x";
				CLANG_CXX_LIBRARY = "libc++";
				CLANG_ENABLE_MODULES = YES;
				CLANG_ENABLE_OBJC_ARC = YES;
				CLANG_WARN_BOOL_CONVERSION = YES;
				CLANG_WARN_CONSTANT_CONVERSION = YES;
				CLANG_WARN_DIRECT_OBJC_ISA_USAGE = YES_ERROR;
				CLANG_WARN_DOCUMENTATION_COMMENTS = YES;
				CLANG_WARN_EMPTY_BODY = YES;
				CLANG_WARN_ENUM_CONVERSION = YES;
				CLANG_WARN_INFINITE_RECURSION = YES;
				CLANG_WARN_INT_CONVERSION = YES;
				CLANG_WARN_OBJC_ROOT_CLASS = YES_ERROR;
				CLANG_WARN_SUSPICIOUS_MOVE = YES;
				CLANG_WARN_UNREACHABLE_CODE = YES;
				CLANG_WARN__DUPLICATE_METHOD_MATCH = YES;
				"CODE_SIGN_IDENTITY[sdk=iphoneos*]" = "iPhone Developer";
				COPY_PHASE_STRIP = NO;
				DEBUG_INFORMATION_FORMAT = "dwarf-with-dsym";
				ENABLE_NS_ASSERTIONS = NO;
				ENABLE_STRICT_OBJC_MSGSEND = YES;
				GCC_C_LANGUAGE_STANDARD = gnu99;
				GCC_NO_COMMON_BLOCKS = YES;
				GCC_WARN_64_TO_32_BIT_CONVERSION = YES;
				GCC_WARN_ABOUT_RETURN_TYPE = YES_ERROR;
				GCC_WARN_UNDECLARED_SELECTOR = YES;
				GCC_WARN_UNINITIALIZED_AUTOS = YES_AGGRESSIVE;
				GCC_WARN_UNUSED_FUNCTION = YES;
				GCC_WARN_UNUSED_VARIABLE = YES;
				IPHONEOS_DEPLOYMENT_TARGET = 10.2;
				MTL_ENABLE_DEBUG_INFO = NO;
				SDKROOT = iphoneos;
				SWIFT_OPTIMIZATION_LEVEL = "-Owholemodule";
				TARGETED_DEVICE_FAMILY = "1,2";
				VALIDATE_PRODUCT = YES;
			};
			name = Release;
		};
		08B329D11E5BAF4E001B58F1 /* Debug */ = {
			isa = XCBuildConfiguration;
			buildSettings = {
				ASSETCATALOG_COMPILER_APPICON_NAME = AppIcon;
				INFOPLIST_FILE = Header/Info.plist;
				LD_RUNPATH_SEARCH_PATHS = "$(inherited) @executable_path/Frameworks";
				PRODUCT_BUNDLE_IDENTIFIER = ravinder.Header;
				PRODUCT_NAME = "$(TARGET_NAME)";
				SWIFT_VERSION = 3.0;
			};
			name = Debug;
		};
		08B329D21E5BAF4E001B58F1 /* Release */ = {
			isa = XCBuildConfiguration;
			buildSettings = {
				ASSETCATALOG_COMPILER_APPICON_NAME = AppIcon;
				INFOPLIST_FILE = Header/Info.plist;
				LD_RUNPATH_SEARCH_PATHS = "$(inherited) @executable_path/Frameworks";
				PRODUCT_BUNDLE_IDENTIFIER = ravinder.Header;
				PRODUCT_NAME = "$(TARGET_NAME)";
				SWIFT_VERSION = 3.0;
			};
			name = Release;
		};
		08B329D41E5BAF4E001B58F1 /* Debug */ = {
			isa = XCBuildConfiguration;
			buildSettings = {
				ALWAYS_EMBED_SWIFT_STANDARD_LIBRARIES = YES;
				BUNDLE_LOADER = "$(TEST_HOST)";
				INFOPLIST_FILE = HeaderTests/Info.plist;
				LD_RUNPATH_SEARCH_PATHS = "$(inherited) @executable_path/Frameworks @loader_path/Frameworks";
				PRODUCT_BUNDLE_IDENTIFIER = ravinder.HeaderTests;
				PRODUCT_NAME = "$(TARGET_NAME)";
				SWIFT_VERSION = 3.0;
				TEST_HOST = "$(BUILT_PRODUCTS_DIR)/Header.app/Header";
			};
			name = Debug;
		};
		08B329D51E5BAF4E001B58F1 /* Release */ = {
			isa = XCBuildConfiguration;
			buildSettings = {
				ALWAYS_EMBED_SWIFT_STANDARD_LIBRARIES = YES;
				BUNDLE_LOADER = "$(TEST_HOST)";
				INFOPLIST_FILE = HeaderTests/Info.plist;
				LD_RUNPATH_SEARCH_PATHS = "$(inherited) @executable_path/Frameworks @loader_path/Frameworks";
				PRODUCT_BUNDLE_IDENTIFIER = ravinder.HeaderTests;
				PRODUCT_NAME = "$(TARGET_NAME)";
				SWIFT_VERSION = 3.0;
				TEST_HOST = "$(BUILT_PRODUCTS_DIR)/Header.app/Header";
			};
			name = Release;
		};
		08B329D71E5BAF4E001B58F1 /* Debug */ = {
			isa = XCBuildConfiguration;
			buildSettings = {
				ALWAYS_EMBED_SWIFT_STANDARD_LIBRARIES = YES;
				INFOPLIST_FILE = HeaderUITests/Info.plist;
				LD_RUNPATH_SEARCH_PATHS = "$(inherited) @executable_path/Frameworks @loader_path/Frameworks";
				PRODUCT_BUNDLE_IDENTIFIER = ravinder.HeaderUITests;
				PRODUCT_NAME = "$(TARGET_NAME)";
				SWIFT_VERSION = 3.0;
				TEST_TARGET_NAME = Header;
			};
			name = Debug;
		};
		08B329D81E5BAF4E001B58F1 /* Release */ = {
			isa = XCBuildConfiguration;
			buildSettings = {
				ALWAYS_EMBED_SWIFT_STANDARD_LIBRARIES = YES;
				INFOPLIST_FILE = HeaderUITests/Info.plist;
				LD_RUNPATH_SEARCH_PATHS = "$(inherited) @executable_path/Frameworks @loader_path/Frameworks";
				PRODUCT_BUNDLE_IDENTIFIER = ravinder.HeaderUITests;
				PRODUCT_NAME = "$(TARGET_NAME)";
				SWIFT_VERSION = 3.0;
				TEST_TARGET_NAME = Header;
			};
			name = Release;
		};
/* End XCBuildConfiguration section */

/* Begin XCConfigurationList section */
		08B329A31E5BAF4E001B58F1 /* Build configuration list for PBXProject "Header" */ = {
			isa = XCConfigurationList;
			buildConfigurations = (
				08B329CE1E5BAF4E001B58F1 /* Debug */,
				08B329CF1E5BAF4E001B58F1 /* Release */,
			);
			defaultConfigurationIsVisible = 0;
			defaultConfigurationName = Release;
		};
		08B329D01E5BAF4E001B58F1 /* Build configuration list for PBXNativeTarget "Header" */ = {
			isa = XCConfigurationList;
			buildConfigurations = (
				08B329D11E5BAF4E001B58F1 /* Debug */,
				08B329D21E5BAF4E001B58F1 /* Release */,
			);
			defaultConfigurationIsVisible = 0;
			defaultConfigurationName = Release;
		};
		08B329D31E5BAF4E001B58F1 /* Build configuration list for PBXNativeTarget "HeaderTests" */ = {
			isa = XCConfigurationList;
			buildConfigurations = (
				08B329D41E5BAF4E001B58F1 /* Debug */,
				08B329D51E5BAF4E001B58F1 /* Release */,
			);
			defaultConfigurationIsVisible = 0;
			defaultConfigurationName = Release;
		};
		08B329D61E5BAF4E001B58F1 /* Build configuration list for PBXNativeTarget "HeaderUITests" */ = {
			isa = XCConfigurationList;
			buildConfigurations = (
				08B329D71E5BAF4E001B58F1 /* Debug */,
				08B329D81E5BAF4E001B58F1 /* Release */,
			);
			defaultConfigurationIsVisible = 0;
			defaultConfigurationName = Release;
		};
/* End XCConfigurationList section */
	};
	rootObject = 08B329A01E5BAF4E001B58F1 /* Project object */;
}
